// !$*UTF8*$!
{
	archiveVersion = 1;
	classes = {
	};
	objectVersion = 50;
	objects = {

/* Begin PBXBuildFile section */
		2D4996989060A510FAF15972 /* Pods_HiraganaConverter.framework in Frameworks */ = {isa = PBXBuildFile; fileRef = DD4670150F3F948381899CCA /* Pods_HiraganaConverter.framework */; };
		4BC225058B18E99D0016610F /* Pods_HiraganaConverterUITests.framework in Frameworks */ = {isa = PBXBuildFile; fileRef = FB537510877FB6CB3BFF52DC /* Pods_HiraganaConverterUITests.framework */; };
		B10ABFA74775619210DA5C63 /* Pods_HiraganaConverterTests.framework in Frameworks */ = {isa = PBXBuildFile; fileRef = 33CB0BDAC94A792F4B0EC1DC /* Pods_HiraganaConverterTests.framework */; };
		F035B8DE2348AFF300CC9007 /* APIRequest.swift in Sources */ = {isa = PBXBuildFile; fileRef = F035B8DD2348AFF300CC9007 /* APIRequest.swift */; };
		F035B8E02348B07000CC9007 /* Target.swift in Sources */ = {isa = PBXBuildFile; fileRef = F035B8DF2348B07000CC9007 /* Target.swift */; };
		F04ECBB5234388C80054D1D1 /* AppDelegate.swift in Sources */ = {isa = PBXBuildFile; fileRef = F04ECBB4234388C80054D1D1 /* AppDelegate.swift */; };
		F04ECBB7234388C80054D1D1 /* ConvertViewController.swift in Sources */ = {isa = PBXBuildFile; fileRef = F04ECBB6234388C80054D1D1 /* ConvertViewController.swift */; };
		F04ECBBA234388C80054D1D1 /* Convert.storyboard in Resources */ = {isa = PBXBuildFile; fileRef = F04ECBB8234388C80054D1D1 /* Convert.storyboard */; };
		F04ECBBC234388C90054D1D1 /* Assets.xcassets in Resources */ = {isa = PBXBuildFile; fileRef = F04ECBBB234388C90054D1D1 /* Assets.xcassets */; };
		F04ECBBF234388C90054D1D1 /* LaunchScreen.storyboard in Resources */ = {isa = PBXBuildFile; fileRef = F04ECBBD234388C90054D1D1 /* LaunchScreen.storyboard */; };
		F04ECBCA234388C90054D1D1 /* HiraganaConverterTests.swift in Sources */ = {isa = PBXBuildFile; fileRef = F04ECBC9234388C90054D1D1 /* HiraganaConverterTests.swift */; };
		F04ECBD5234388C90054D1D1 /* HiraganaConverterUITests.swift in Sources */ = {isa = PBXBuildFile; fileRef = F04ECBD4234388C90054D1D1 /* HiraganaConverterUITests.swift */; };
		F06C15E92348BC610012C990 /* HiraganaResponse.swift in Sources */ = {isa = PBXBuildFile; fileRef = F06C15E82348BC610012C990 /* HiraganaResponse.swift */; };
		F06C15EB2348BF250012C990 /* HiraganaErrorResponse.swift in Sources */ = {isa = PBXBuildFile; fileRef = F06C15EA2348BF250012C990 /* HiraganaErrorResponse.swift */; };
		F06C15F12348D2990012C990 /* ConvertViewModel.swift in Sources */ = {isa = PBXBuildFile; fileRef = F06C15F02348D2990012C990 /* ConvertViewModel.swift */; };
		F06C15F3234913B60012C990 /* UIApplication.swift in Sources */ = {isa = PBXBuildFile; fileRef = F06C15F2234913B60012C990 /* UIApplication.swift */; };
		F06C15F6234914180012C990 /* AlertManager.swift in Sources */ = {isa = PBXBuildFile; fileRef = F06C15F5234914180012C990 /* AlertManager.swift */; };
/* End PBXBuildFile section */

/* Begin PBXContainerItemProxy section */
		F04ECBC6234388C90054D1D1 /* PBXContainerItemProxy */ = {
			isa = PBXContainerItemProxy;
			containerPortal = F04ECBA9234388C80054D1D1 /* Project object */;
			proxyType = 1;
			remoteGlobalIDString = F04ECBB0234388C80054D1D1;
			remoteInfo = HiraganaConverter;
		};
		F04ECBD1234388C90054D1D1 /* PBXContainerItemProxy */ = {
			isa = PBXContainerItemProxy;
			containerPortal = F04ECBA9234388C80054D1D1 /* Project object */;
			proxyType = 1;
			remoteGlobalIDString = F04ECBB0234388C80054D1D1;
			remoteInfo = HiraganaConverter;
		};
/* End PBXContainerItemProxy section */

/* Begin PBXFileReference section */
		2DAC1BE0BC11353C0927BF6B /* Pods-HiraganaConverter.release.xcconfig */ = {isa = PBXFileReference; includeInIndex = 1; lastKnownFileType = text.xcconfig; name = "Pods-HiraganaConverter.release.xcconfig"; path = "Pods/Target Support Files/Pods-HiraganaConverter/Pods-HiraganaConverter.release.xcconfig"; sourceTree = "<group>"; };
		33CB0BDAC94A792F4B0EC1DC /* Pods_HiraganaConverterTests.framework */ = {isa = PBXFileReference; explicitFileType = wrapper.framework; includeInIndex = 0; path = Pods_HiraganaConverterTests.framework; sourceTree = BUILT_PRODUCTS_DIR; };
		8BFABE9FC8649BD7C30B9246 /* Pods-HiraganaConverterUITests.debug.xcconfig */ = {isa = PBXFileReference; includeInIndex = 1; lastKnownFileType = text.xcconfig; name = "Pods-HiraganaConverterUITests.debug.xcconfig"; path = "Pods/Target Support Files/Pods-HiraganaConverterUITests/Pods-HiraganaConverterUITests.debug.xcconfig"; sourceTree = "<group>"; };
		9D9BB9BCD37CB999DB4C8300 /* Pods-HiraganaConverterTests.release.xcconfig */ = {isa = PBXFileReference; includeInIndex = 1; lastKnownFileType = text.xcconfig; name = "Pods-HiraganaConverterTests.release.xcconfig"; path = "Pods/Target Support Files/Pods-HiraganaConverterTests/Pods-HiraganaConverterTests.release.xcconfig"; sourceTree = "<group>"; };
		A554FC67EC42336775273110 /* Pods-HiraganaConverterTests.debug.xcconfig */ = {isa = PBXFileReference; includeInIndex = 1; lastKnownFileType = text.xcconfig; name = "Pods-HiraganaConverterTests.debug.xcconfig"; path = "Pods/Target Support Files/Pods-HiraganaConverterTests/Pods-HiraganaConverterTests.debug.xcconfig"; sourceTree = "<group>"; };
		DBED9C8B69C7DF8E978A595B /* Pods-HiraganaConverterUITests.release.xcconfig */ = {isa = PBXFileReference; includeInIndex = 1; lastKnownFileType = text.xcconfig; name = "Pods-HiraganaConverterUITests.release.xcconfig"; path = "Pods/Target Support Files/Pods-HiraganaConverterUITests/Pods-HiraganaConverterUITests.release.xcconfig"; sourceTree = "<group>"; };
		DD4670150F3F948381899CCA /* Pods_HiraganaConverter.framework */ = {isa = PBXFileReference; explicitFileType = wrapper.framework; includeInIndex = 0; path = Pods_HiraganaConverter.framework; sourceTree = BUILT_PRODUCTS_DIR; };
		E6FD88DED3CF04EE62BA95EB /* Pods-HiraganaConverter.debug.xcconfig */ = {isa = PBXFileReference; includeInIndex = 1; lastKnownFileType = text.xcconfig; name = "Pods-HiraganaConverter.debug.xcconfig"; path = "Pods/Target Support Files/Pods-HiraganaConverter/Pods-HiraganaConverter.debug.xcconfig"; sourceTree = "<group>"; };
		F035B8DD2348AFF300CC9007 /* APIRequest.swift */ = {isa = PBXFileReference; lastKnownFileType = sourcecode.swift; path = APIRequest.swift; sourceTree = "<group>"; };
		F035B8DF2348B07000CC9007 /* Target.swift */ = {isa = PBXFileReference; lastKnownFileType = sourcecode.swift; path = Target.swift; sourceTree = "<group>"; };
		F04ECBB1234388C80054D1D1 /* HiraganaConverter.app */ = {isa = PBXFileReference; explicitFileType = wrapper.application; includeInIndex = 0; path = HiraganaConverter.app; sourceTree = BUILT_PRODUCTS_DIR; };
		F04ECBB4234388C80054D1D1 /* AppDelegate.swift */ = {isa = PBXFileReference; lastKnownFileType = sourcecode.swift; path = AppDelegate.swift; sourceTree = "<group>"; };
		F04ECBB6234388C80054D1D1 /* ConvertViewController.swift */ = {isa = PBXFileReference; lastKnownFileType = sourcecode.swift; path = ConvertViewController.swift; sourceTree = "<group>"; };
		F04ECBB9234388C80054D1D1 /* Base */ = {isa = PBXFileReference; lastKnownFileType = file.storyboard; name = Base; path = Base.lproj/Convert.storyboard; sourceTree = "<group>"; };
		F04ECBBB234388C90054D1D1 /* Assets.xcassets */ = {isa = PBXFileReference; lastKnownFileType = folder.assetcatalog; path = Assets.xcassets; sourceTree = "<group>"; };
		F04ECBBE234388C90054D1D1 /* Base */ = {isa = PBXFileReference; lastKnownFileType = file.storyboard; name = Base; path = Base.lproj/LaunchScreen.storyboard; sourceTree = "<group>"; };
		F04ECBC0234388C90054D1D1 /* Info.plist */ = {isa = PBXFileReference; lastKnownFileType = text.plist.xml; path = Info.plist; sourceTree = "<group>"; };
		F04ECBC5234388C90054D1D1 /* HiraganaConverterTests.xctest */ = {isa = PBXFileReference; explicitFileType = wrapper.cfbundle; includeInIndex = 0; path = HiraganaConverterTests.xctest; sourceTree = BUILT_PRODUCTS_DIR; };
		F04ECBC9234388C90054D1D1 /* HiraganaConverterTests.swift */ = {isa = PBXFileReference; lastKnownFileType = sourcecode.swift; path = HiraganaConverterTests.swift; sourceTree = "<group>"; };
		F04ECBCB234388C90054D1D1 /* Info.plist */ = {isa = PBXFileReference; lastKnownFileType = text.plist.xml; path = Info.plist; sourceTree = "<group>"; };
		F04ECBD0234388C90054D1D1 /* HiraganaConverterUITests.xctest */ = {isa = PBXFileReference; explicitFileType = wrapper.cfbundle; includeInIndex = 0; path = HiraganaConverterUITests.xctest; sourceTree = BUILT_PRODUCTS_DIR; };
		F04ECBD4234388C90054D1D1 /* HiraganaConverterUITests.swift */ = {isa = PBXFileReference; lastKnownFileType = sourcecode.swift; path = HiraganaConverterUITests.swift; sourceTree = "<group>"; };
		F04ECBD6234388C90054D1D1 /* Info.plist */ = {isa = PBXFileReference; lastKnownFileType = text.plist.xml; path = Info.plist; sourceTree = "<group>"; };
		F06C15E82348BC610012C990 /* HiraganaResponse.swift */ = {isa = PBXFileReference; lastKnownFileType = sourcecode.swift; path = HiraganaResponse.swift; sourceTree = "<group>"; };
		F06C15EA2348BF250012C990 /* HiraganaErrorResponse.swift */ = {isa = PBXFileReference; lastKnownFileType = sourcecode.swift; path = HiraganaErrorResponse.swift; sourceTree = "<group>"; };
		F06C15F02348D2990012C990 /* ConvertViewModel.swift */ = {isa = PBXFileReference; lastKnownFileType = sourcecode.swift; path = ConvertViewModel.swift; sourceTree = "<group>"; };
		F06C15F2234913B60012C990 /* UIApplication.swift */ = {isa = PBXFileReference; lastKnownFileType = sourcecode.swift; path = UIApplication.swift; sourceTree = "<group>"; };
		F06C15F5234914180012C990 /* AlertManager.swift */ = {isa = PBXFileReference; lastKnownFileType = sourcecode.swift; path = AlertManager.swift; sourceTree = "<group>"; };
		FB537510877FB6CB3BFF52DC /* Pods_HiraganaConverterUITests.framework */ = {isa = PBXFileReference; explicitFileType = wrapper.framework; includeInIndex = 0; path = Pods_HiraganaConverterUITests.framework; sourceTree = BUILT_PRODUCTS_DIR; };
/* End PBXFileReference section */

/* Begin PBXFrameworksBuildPhase section */
		F04ECBAE234388C80054D1D1 /* Frameworks */ = {
			isa = PBXFrameworksBuildPhase;
			buildActionMask = 2147483647;
			files = (
				2D4996989060A510FAF15972 /* Pods_HiraganaConverter.framework in Frameworks */,
			);
			runOnlyForDeploymentPostprocessing = 0;
		};
		F04ECBC2234388C90054D1D1 /* Frameworks */ = {
			isa = PBXFrameworksBuildPhase;
			buildActionMask = 2147483647;
			files = (
				B10ABFA74775619210DA5C63 /* Pods_HiraganaConverterTests.framework in Frameworks */,
			);
			runOnlyForDeploymentPostprocessing = 0;
		};
		F04ECBCD234388C90054D1D1 /* Frameworks */ = {
			isa = PBXFrameworksBuildPhase;
			buildActionMask = 2147483647;
			files = (
				4BC225058B18E99D0016610F /* Pods_HiraganaConverterUITests.framework in Frameworks */,
			);
			runOnlyForDeploymentPostprocessing = 0;
		};
/* End PBXFrameworksBuildPhase section */

/* Begin PBXGroup section */
		3510FE48C0D7B0A3EFC86925 /* Pods */ = {
			isa = PBXGroup;
			children = (
				E6FD88DED3CF04EE62BA95EB /* Pods-HiraganaConverter.debug.xcconfig */,
				2DAC1BE0BC11353C0927BF6B /* Pods-HiraganaConverter.release.xcconfig */,
				A554FC67EC42336775273110 /* Pods-HiraganaConverterTests.debug.xcconfig */,
				9D9BB9BCD37CB999DB4C8300 /* Pods-HiraganaConverterTests.release.xcconfig */,
				8BFABE9FC8649BD7C30B9246 /* Pods-HiraganaConverterUITests.debug.xcconfig */,
				DBED9C8B69C7DF8E978A595B /* Pods-HiraganaConverterUITests.release.xcconfig */,
			);
			name = Pods;
			sourceTree = "<group>";
		};
		9170D16142B1B5BFF2B715F2 /* Frameworks */ = {
			isa = PBXGroup;
			children = (
				DD4670150F3F948381899CCA /* Pods_HiraganaConverter.framework */,
				33CB0BDAC94A792F4B0EC1DC /* Pods_HiraganaConverterTests.framework */,
				FB537510877FB6CB3BFF52DC /* Pods_HiraganaConverterUITests.framework */,
			);
			name = Frameworks;
			sourceTree = "<group>";
		};
		F035B8DC2348AFD200CC9007 /* Model */ = {
			isa = PBXGroup;
			children = (
				F035B8DD2348AFF300CC9007 /* APIRequest.swift */,
				F035B8DF2348B07000CC9007 /* Target.swift */,
				F06C15E72348BC440012C990 /* Responses */,
			);
			path = Model;
			sourceTree = "<group>";
		};
		F04ECBA8234388C80054D1D1 = {
			isa = PBXGroup;
			children = (
				F04ECBB3234388C80054D1D1 /* HiraganaConverter */,
				F04ECBC8234388C90054D1D1 /* HiraganaConverterTests */,
				F04ECBD3234388C90054D1D1 /* HiraganaConverterUITests */,
				F04ECBB2234388C80054D1D1 /* Products */,
				3510FE48C0D7B0A3EFC86925 /* Pods */,
				9170D16142B1B5BFF2B715F2 /* Frameworks */,
			);
			sourceTree = "<group>";
		};
		F04ECBB2234388C80054D1D1 /* Products */ = {
			isa = PBXGroup;
			children = (
				F04ECBB1234388C80054D1D1 /* HiraganaConverter.app */,
				F04ECBC5234388C90054D1D1 /* HiraganaConverterTests.xctest */,
				F04ECBD0234388C90054D1D1 /* HiraganaConverterUITests.xctest */,
			);
			name = Products;
			sourceTree = "<group>";
		};
		F04ECBB3234388C80054D1D1 /* HiraganaConverter */ = {
			isa = PBXGroup;
			children = (
				F04ECBB4234388C80054D1D1 /* AppDelegate.swift */,
				F035B8DC2348AFD200CC9007 /* Model */,
				F0643AA0234793F00074BEBC /* View */,
				F06C15EF2348D2770012C990 /* ViewModel */,
				F06C15F4234913E30012C990 /* Extension */,
				F04ECBBB234388C90054D1D1 /* Assets.xcassets */,
				F04ECBBD234388C90054D1D1 /* LaunchScreen.storyboard */,
				F04ECBC0234388C90054D1D1 /* Info.plist */,
			);
			path = HiraganaConverter;
			sourceTree = "<group>";
		};
		F04ECBC8234388C90054D1D1 /* HiraganaConverterTests */ = {
			isa = PBXGroup;
			children = (
				F04ECBC9234388C90054D1D1 /* HiraganaConverterTests.swift */,
				F04ECBCB234388C90054D1D1 /* Info.plist */,
			);
			path = HiraganaConverterTests;
			sourceTree = "<group>";
		};
		F04ECBD3234388C90054D1D1 /* HiraganaConverterUITests */ = {
			isa = PBXGroup;
			children = (
				F04ECBD4234388C90054D1D1 /* HiraganaConverterUITests.swift */,
				F04ECBD6234388C90054D1D1 /* Info.plist */,
			);
			path = HiraganaConverterUITests;
			sourceTree = "<group>";
		};
		F0643AA0234793F00074BEBC /* View */ = {
			isa = PBXGroup;
			children = (
				F04ECBB6234388C80054D1D1 /* ConvertViewController.swift */,
				F06C15F5234914180012C990 /* AlertManager.swift */,
				F04ECBB8234388C80054D1D1 /* Convert.storyboard */,
			);
			path = View;
			sourceTree = "<group>";
		};
		F06C15E72348BC440012C990 /* Responses */ = {
			isa = PBXGroup;
			children = (
				F06C15E82348BC610012C990 /* HiraganaResponse.swift */,
				F06C15EA2348BF250012C990 /* HiraganaErrorResponse.swift */,
			);
			path = Responses;
			sourceTree = "<group>";
		};
		F06C15EF2348D2770012C990 /* ViewModel */ = {
			isa = PBXGroup;
			children = (
				F06C15F02348D2990012C990 /* ConvertViewModel.swift */,
			);
			path = ViewModel;
			sourceTree = "<group>";
		};
		F06C15F4234913E30012C990 /* Extension */ = {
			isa = PBXGroup;
			children = (
				F06C15F2234913B60012C990 /* UIApplication.swift */,
			);
			path = Extension;
			sourceTree = "<group>";
		};
/* End PBXGroup section */

/* Begin PBXNativeTarget section */
		F04ECBB0234388C80054D1D1 /* HiraganaConverter */ = {
			isa = PBXNativeTarget;
			buildConfigurationList = F04ECBD9234388C90054D1D1 /* Build configuration list for PBXNativeTarget "HiraganaConverter" */;
			buildPhases = (
				0C8748F6964DD5CB6E76C4F6 /* [CP] Check Pods Manifest.lock */,
				F04ECBAD234388C80054D1D1 /* Sources */,
				F04ECBAE234388C80054D1D1 /* Frameworks */,
				F04ECBAF234388C80054D1D1 /* Resources */,
				18F5808A19D02234B02BEC09 /* [CP] Embed Pods Frameworks */,
				F0643A9F23478EA30074BEBC /* ShellScript */,
			);
			buildRules = (
			);
			dependencies = (
			);
			name = HiraganaConverter;
			productName = HiraganaConverter;
			productReference = F04ECBB1234388C80054D1D1 /* HiraganaConverter.app */;
			productType = "com.apple.product-type.application";
		};
		F04ECBC4234388C90054D1D1 /* HiraganaConverterTests */ = {
			isa = PBXNativeTarget;
			buildConfigurationList = F04ECBDC234388C90054D1D1 /* Build configuration list for PBXNativeTarget "HiraganaConverterTests" */;
			buildPhases = (
				AB60A0E172D4439C69E42732 /* [CP] Check Pods Manifest.lock */,
				F04ECBC1234388C90054D1D1 /* Sources */,
				F04ECBC2234388C90054D1D1 /* Frameworks */,
				F04ECBC3234388C90054D1D1 /* Resources */,
			);
			buildRules = (
			);
			dependencies = (
				F04ECBC7234388C90054D1D1 /* PBXTargetDependency */,
			);
			name = HiraganaConverterTests;
			productName = HiraganaConverterTests;
			productReference = F04ECBC5234388C90054D1D1 /* HiraganaConverterTests.xctest */;
			productType = "com.apple.product-type.bundle.unit-test";
		};
		F04ECBCF234388C90054D1D1 /* HiraganaConverterUITests */ = {
			isa = PBXNativeTarget;
			buildConfigurationList = F04ECBDF234388C90054D1D1 /* Build configuration list for PBXNativeTarget "HiraganaConverterUITests" */;
			buildPhases = (
				D177A1297161A08CEF3462D4 /* [CP] Check Pods Manifest.lock */,
				F04ECBCC234388C90054D1D1 /* Sources */,
				F04ECBCD234388C90054D1D1 /* Frameworks */,
				F04ECBCE234388C90054D1D1 /* Resources */,
			);
			buildRules = (
			);
			dependencies = (
				F04ECBD2234388C90054D1D1 /* PBXTargetDependency */,
			);
			name = HiraganaConverterUITests;
			productName = HiraganaConverterUITests;
			productReference = F04ECBD0234388C90054D1D1 /* HiraganaConverterUITests.xctest */;
			productType = "com.apple.product-type.bundle.ui-testing";
		};
/* End PBXNativeTarget section */

/* Begin PBXProject section */
		F04ECBA9234388C80054D1D1 /* Project object */ = {
			isa = PBXProject;
			attributes = {
				LastSwiftUpdateCheck = 1020;
				LastUpgradeCheck = 1020;
				ORGANIZATIONNAME = "佐藤優";
				TargetAttributes = {
					F04ECBB0234388C80054D1D1 = {
						CreatedOnToolsVersion = 10.2.1;
					};
					F04ECBC4234388C90054D1D1 = {
						CreatedOnToolsVersion = 10.2.1;
						TestTargetID = F04ECBB0234388C80054D1D1;
					};
					F04ECBCF234388C90054D1D1 = {
						CreatedOnToolsVersion = 10.2.1;
						TestTargetID = F04ECBB0234388C80054D1D1;
					};
				};
			};
			buildConfigurationList = F04ECBAC234388C80054D1D1 /* Build configuration list for PBXProject "HiraganaConverter" */;
			compatibilityVersion = "Xcode 9.3";
			developmentRegion = en;
			hasScannedForEncodings = 0;
			knownRegions = (
				en,
				Base,
			);
			mainGroup = F04ECBA8234388C80054D1D1;
			productRefGroup = F04ECBB2234388C80054D1D1 /* Products */;
			projectDirPath = "";
			projectRoot = "";
			targets = (
				F04ECBB0234388C80054D1D1 /* HiraganaConverter */,
				F04ECBC4234388C90054D1D1 /* HiraganaConverterTests */,
				F04ECBCF234388C90054D1D1 /* HiraganaConverterUITests */,
			);
		};
/* End PBXProject section */

/* Begin PBXResourcesBuildPhase section */
		F04ECBAF234388C80054D1D1 /* Resources */ = {
			isa = PBXResourcesBuildPhase;
			buildActionMask = 2147483647;
			files = (
				F04ECBBF234388C90054D1D1 /* LaunchScreen.storyboard in Resources */,
				F04ECBBC234388C90054D1D1 /* Assets.xcassets in Resources */,
				F04ECBBA234388C80054D1D1 /* Convert.storyboard in Resources */,
			);
			runOnlyForDeploymentPostprocessing = 0;
		};
		F04ECBC3234388C90054D1D1 /* Resources */ = {
			isa = PBXResourcesBuildPhase;
			buildActionMask = 2147483647;
			files = (
			);
			runOnlyForDeploymentPostprocessing = 0;
		};
		F04ECBCE234388C90054D1D1 /* Resources */ = {
			isa = PBXResourcesBuildPhase;
			buildActionMask = 2147483647;
			files = (
			);
			runOnlyForDeploymentPostprocessing = 0;
		};
/* End PBXResourcesBuildPhase section */

/* Begin PBXShellScriptBuildPhase section */
		0C8748F6964DD5CB6E76C4F6 /* [CP] Check Pods Manifest.lock */ = {
			isa = PBXShellScriptBuildPhase;
			buildActionMask = 2147483647;
			files = (
			);
			inputPaths = (
				"${PODS_PODFILE_DIR_PATH}/Podfile.lock",
				"${PODS_ROOT}/Manifest.lock",
			);
			name = "[CP] Check Pods Manifest.lock";
			outputPaths = (
				"$(DERIVED_FILE_DIR)/Pods-HiraganaConverter-checkManifestLockResult.txt",
			);
			runOnlyForDeploymentPostprocessing = 0;
			shellPath = /bin/sh;
			shellScript = "diff \"${PODS_PODFILE_DIR_PATH}/Podfile.lock\" \"${PODS_ROOT}/Manifest.lock\" > /dev/null\nif [ $? != 0 ] ; then\n    # print error to STDERR\n    echo \"error: The sandbox is not in sync with the Podfile.lock. Run 'pod install' or update your CocoaPods installation.\" >&2\n    exit 1\nfi\n# This output is used by Xcode 'outputs' to avoid re-running this script phase.\necho \"SUCCESS\" > \"${SCRIPT_OUTPUT_FILE_0}\"\n";
			showEnvVarsInLog = 0;
		};
		18F5808A19D02234B02BEC09 /* [CP] Embed Pods Frameworks */ = {
			isa = PBXShellScriptBuildPhase;
			buildActionMask = 2147483647;
			files = (
			);
			inputPaths = (
				"${SRCROOT}/Pods/Target Support Files/Pods-HiraganaConverter/Pods-HiraganaConverter-frameworks.sh",
				"${BUILT_PRODUCTS_DIR}/Alamofire/Alamofire.framework",
				"${BUILT_PRODUCTS_DIR}/Moya/Moya.framework",
				"${BUILT_PRODUCTS_DIR}/Result/Result.framework",
				"${BUILT_PRODUCTS_DIR}/RxCocoa/RxCocoa.framework",
				"${BUILT_PRODUCTS_DIR}/RxSwift/RxSwift.framework",
			);
			name = "[CP] Embed Pods Frameworks";
			outputPaths = (
				"${TARGET_BUILD_DIR}/${FRAMEWORKS_FOLDER_PATH}/Alamofire.framework",
				"${TARGET_BUILD_DIR}/${FRAMEWORKS_FOLDER_PATH}/Moya.framework",
				"${TARGET_BUILD_DIR}/${FRAMEWORKS_FOLDER_PATH}/Result.framework",
				"${TARGET_BUILD_DIR}/${FRAMEWORKS_FOLDER_PATH}/RxCocoa.framework",
				"${TARGET_BUILD_DIR}/${FRAMEWORKS_FOLDER_PATH}/RxSwift.framework",
			);
			runOnlyForDeploymentPostprocessing = 0;
			shellPath = /bin/sh;
			shellScript = "\"${SRCROOT}/Pods/Target Support Files/Pods-HiraganaConverter/Pods-HiraganaConverter-frameworks.sh\"\n";
			showEnvVarsInLog = 0;
		};
		AB60A0E172D4439C69E42732 /* [CP] Check Pods Manifest.lock */ = {
			isa = PBXShellScriptBuildPhase;
			buildActionMask = 2147483647;
			files = (
			);
			inputPaths = (
				"${PODS_PODFILE_DIR_PATH}/Podfile.lock",
				"${PODS_ROOT}/Manifest.lock",
			);
			name = "[CP] Check Pods Manifest.lock";
			outputPaths = (
				"$(DERIVED_FILE_DIR)/Pods-HiraganaConverterTests-checkManifestLockResult.txt",
			);
			runOnlyForDeploymentPostprocessing = 0;
			shellPath = /bin/sh;
			shellScript = "diff \"${PODS_PODFILE_DIR_PATH}/Podfile.lock\" \"${PODS_ROOT}/Manifest.lock\" > /dev/null\nif [ $? != 0 ] ; then\n    # print error to STDERR\n    echo \"error: The sandbox is not in sync with the Podfile.lock. Run 'pod install' or update your CocoaPods installation.\" >&2\n    exit 1\nfi\n# This output is used by Xcode 'outputs' to avoid re-running this script phase.\necho \"SUCCESS\" > \"${SCRIPT_OUTPUT_FILE_0}\"\n";
			showEnvVarsInLog = 0;
		};
		D177A1297161A08CEF3462D4 /* [CP] Check Pods Manifest.lock */ = {
			isa = PBXShellScriptBuildPhase;
			buildActionMask = 2147483647;
			files = (
			);
			inputPaths = (
				"${PODS_PODFILE_DIR_PATH}/Podfile.lock",
				"${PODS_ROOT}/Manifest.lock",
			);
			name = "[CP] Check Pods Manifest.lock";
			outputPaths = (
				"$(DERIVED_FILE_DIR)/Pods-HiraganaConverterUITests-checkManifestLockResult.txt",
			);
			runOnlyForDeploymentPostprocessing = 0;
			shellPath = /bin/sh;
			shellScript = "diff \"${PODS_PODFILE_DIR_PATH}/Podfile.lock\" \"${PODS_ROOT}/Manifest.lock\" > /dev/null\nif [ $? != 0 ] ; then\n    # print error to STDERR\n    echo \"error: The sandbox is not in sync with the Podfile.lock. Run 'pod install' or update your CocoaPods installation.\" >&2\n    exit 1\nfi\n# This output is used by Xcode 'outputs' to avoid re-running this script phase.\necho \"SUCCESS\" > \"${SCRIPT_OUTPUT_FILE_0}\"\n";
			showEnvVarsInLog = 0;
		};
		F0643A9F23478EA30074BEBC /* ShellScript */ = {
			isa = PBXShellScriptBuildPhase;
			buildActionMask = 2147483647;
			files = (
			);
			inputFileListPaths = (
			);
			inputPaths = (
			);
			outputFileListPaths = (
			);
			outputPaths = (
			);
			runOnlyForDeploymentPostprocessing = 0;
			shellPath = /bin/sh;
			shellScript = "if which \"${PODS_ROOT}/SwiftLint/swiftlint\" >/dev/null; then\n  # 自動整形\n  \"${PODS_ROOT}/SwiftLint/swiftlint\" autocorrect --format\n  # 静的解析\n  \"${PODS_ROOT}/SwiftLint/swiftlint\"\nelse\n  echo \"warning: SwiftLint not installed, download from https://github.com/realm/SwiftLint\"\nfi\n";
		};
/* End PBXShellScriptBuildPhase section */

/* Begin PBXSourcesBuildPhase section */
		F04ECBAD234388C80054D1D1 /* Sources */ = {
			isa = PBXSourcesBuildPhase;
			buildActionMask = 2147483647;
			files = (
				F06C15F3234913B60012C990 /* UIApplication.swift in Sources */,
				F04ECBB7234388C80054D1D1 /* ConvertViewController.swift in Sources */,
				F06C15F6234914180012C990 /* AlertManager.swift in Sources */,
				F035B8DE2348AFF300CC9007 /* APIRequest.swift in Sources */,
				F06C15E92348BC610012C990 /* HiraganaResponse.swift in Sources */,
				F06C15EB2348BF250012C990 /* HiraganaErrorResponse.swift in Sources */,
				F035B8E02348B07000CC9007 /* Target.swift in Sources */,
				F06C15F12348D2990012C990 /* ConvertViewModel.swift in Sources */,
				F04ECBB5234388C80054D1D1 /* AppDelegate.swift in Sources */,
			);
			runOnlyForDeploymentPostprocessing = 0;
		};
		F04ECBC1234388C90054D1D1 /* Sources */ = {
			isa = PBXSourcesBuildPhase;
			buildActionMask = 2147483647;
			files = (
				F04ECBCA234388C90054D1D1 /* HiraganaConverterTests.swift in Sources */,
			);
			runOnlyForDeploymentPostprocessing = 0;
		};
		F04ECBCC234388C90054D1D1 /* Sources */ = {
			isa = PBXSourcesBuildPhase;
			buildActionMask = 2147483647;
			files = (
				F04ECBD5234388C90054D1D1 /* HiraganaConverterUITests.swift in Sources */,
			);
			runOnlyForDeploymentPostprocessing = 0;
		};
/* End PBXSourcesBuildPhase section */

/* Begin PBXTargetDependency section */
		F04ECBC7234388C90054D1D1 /* PBXTargetDependency */ = {
			isa = PBXTargetDependency;
			target = F04ECBB0234388C80054D1D1 /* HiraganaConverter */;
			targetProxy = F04ECBC6234388C90054D1D1 /* PBXContainerItemProxy */;
		};
		F04ECBD2234388C90054D1D1 /* PBXTargetDependency */ = {
			isa = PBXTargetDependency;
			target = F04ECBB0234388C80054D1D1 /* HiraganaConverter */;
			targetProxy = F04ECBD1234388C90054D1D1 /* PBXContainerItemProxy */;
		};
/* End PBXTargetDependency section */

/* Begin PBXVariantGroup section */
		F04ECBB8234388C80054D1D1 /* Convert.storyboard */ = {
			isa = PBXVariantGroup;
			children = (
				F04ECBB9234388C80054D1D1 /* Base */,
			);
			name = Convert.storyboard;
			sourceTree = "<group>";
		};
		F04ECBBD234388C90054D1D1 /* LaunchScreen.storyboard */ = {
			isa = PBXVariantGroup;
			children = (
				F04ECBBE234388C90054D1D1 /* Base */,
			);
			name = LaunchScreen.storyboard;
			sourceTree = "<group>";
		};
/* End PBXVariantGroup section */

/* Begin XCBuildConfiguration section */
		F04ECBD7234388C90054D1D1 /* Debug */ = {
			isa = XCBuildConfiguration;
			buildSettings = {
				ALWAYS_SEARCH_USER_PATHS = NO;
				CLANG_ANALYZER_NONNULL = YES;
				CLANG_ANALYZER_NUMBER_OBJECT_CONVERSION = YES_AGGRESSIVE;
				CLANG_CXX_LANGUAGE_STANDARD = "gnu++14";
				CLANG_CXX_LIBRARY = "libc++";
				CLANG_ENABLE_MODULES = YES;
				CLANG_ENABLE_OBJC_ARC = YES;
				CLANG_ENABLE_OBJC_WEAK = YES;
				CLANG_WARN_BLOCK_CAPTURE_AUTORELEASING = YES;
				CLANG_WARN_BOOL_CONVERSION = YES;
				CLANG_WARN_COMMA = YES;
				CLANG_WARN_CONSTANT_CONVERSION = YES;
				CLANG_WARN_DEPRECATED_OBJC_IMPLEMENTATIONS = YES;
				CLANG_WARN_DIRECT_OBJC_ISA_USAGE = YES_ERROR;
				CLANG_WARN_DOCUMENTATION_COMMENTS = YES;
				CLANG_WARN_EMPTY_BODY = YES;
				CLANG_WARN_ENUM_CONVERSION = YES;
				CLANG_WARN_INFINITE_RECURSION = YES;
				CLANG_WARN_INT_CONVERSION = YES;
				CLANG_WARN_NON_LITERAL_NULL_CONVERSION = YES;
				CLANG_WARN_OBJC_IMPLICIT_RETAIN_SELF = YES;
				CLANG_WARN_OBJC_LITERAL_CONVERSION = YES;
				CLANG_WARN_OBJC_ROOT_CLASS = YES_ERROR;
				CLANG_WARN_RANGE_LOOP_ANALYSIS = YES;
				CLANG_WARN_STRICT_PROTOTYPES = YES;
				CLANG_WARN_SUSPICIOUS_MOVE = YES;
				CLANG_WARN_UNGUARDED_AVAILABILITY = YES_AGGRESSIVE;
				CLANG_WARN_UNREACHABLE_CODE = YES;
				CLANG_WARN__DUPLICATE_METHOD_MATCH = YES;
				CODE_SIGN_IDENTITY = "iPhone Developer";
				COPY_PHASE_STRIP = NO;
				DEBUG_INFORMATION_FORMAT = dwarf;
				ENABLE_STRICT_OBJC_MSGSEND = YES;
				ENABLE_TESTABILITY = YES;
				GCC_C_LANGUAGE_STANDARD = gnu11;
				GCC_DYNAMIC_NO_PIC = NO;
				GCC_NO_COMMON_BLOCKS = YES;
				GCC_OPTIMIZATION_LEVEL = 0;
				GCC_PREPROCESSOR_DEFINITIONS = (
					"DEBUG=1",
					"$(inherited)",
				);
				GCC_WARN_64_TO_32_BIT_CONVERSION = YES;
				GCC_WARN_ABOUT_RETURN_TYPE = YES_ERROR;
				GCC_WARN_UNDECLARED_SELECTOR = YES;
				GCC_WARN_UNINITIALIZED_AUTOS = YES_AGGRESSIVE;
				GCC_WARN_UNUSED_FUNCTION = YES;
				GCC_WARN_UNUSED_VARIABLE = YES;
				IPHONEOS_DEPLOYMENT_TARGET = 12.2;
				MTL_ENABLE_DEBUG_INFO = INCLUDE_SOURCE;
				MTL_FAST_MATH = YES;
				ONLY_ACTIVE_ARCH = YES;
				SDKROOT = iphoneos;
				SWIFT_ACTIVE_COMPILATION_CONDITIONS = DEBUG;
				SWIFT_OPTIMIZATION_LEVEL = "-Onone";
			};
			name = Debug;
		};
		F04ECBD8234388C90054D1D1 /* Release */ = {
			isa = XCBuildConfiguration;
			buildSettings = {
				ALWAYS_SEARCH_USER_PATHS = NO;
				CLANG_ANALYZER_NONNULL = YES;
				CLANG_ANALYZER_NUMBER_OBJECT_CONVERSION = YES_AGGRESSIVE;
				CLANG_CXX_LANGUAGE_STANDARD = "gnu++14";
				CLANG_CXX_LIBRARY = "libc++";
				CLANG_ENABLE_MODULES = YES;
				CLANG_ENABLE_OBJC_ARC = YES;
				CLANG_ENABLE_OBJC_WEAK = YES;
				CLANG_WARN_BLOCK_CAPTURE_AUTORELEASING = YES;
				CLANG_WARN_BOOL_CONVERSION = YES;
				CLANG_WARN_COMMA = YES;
				CLANG_WARN_CONSTANT_CONVERSION = YES;
				CLANG_WARN_DEPRECATED_OBJC_IMPLEMENTATIONS = YES;
				CLANG_WARN_DIRECT_OBJC_ISA_USAGE = YES_ERROR;
				CLANG_WARN_DOCUMENTATION_COMMENTS = YES;
				CLANG_WARN_EMPTY_BODY = YES;
				CLANG_WARN_ENUM_CONVERSION = YES;
				CLANG_WARN_INFINITE_RECURSION = YES;
				CLANG_WARN_INT_CONVERSION = YES;
				CLANG_WARN_NON_LITERAL_NULL_CONVERSION = YES;
				CLANG_WARN_OBJC_IMPLICIT_RETAIN_SELF = YES;
				CLANG_WARN_OBJC_LITERAL_CONVERSION = YES;
				CLANG_WARN_OBJC_ROOT_CLASS = YES_ERROR;
				CLANG_WARN_RANGE_LOOP_ANALYSIS = YES;
				CLANG_WARN_STRICT_PROTOTYPES = YES;
				CLANG_WARN_SUSPICIOUS_MOVE = YES;
				CLANG_WARN_UNGUARDED_AVAILABILITY = YES_AGGRESSIVE;
				CLANG_WARN_UNREACHABLE_CODE = YES;
				CLANG_WARN__DUPLICATE_METHOD_MATCH = YES;
				CODE_SIGN_IDENTITY = "iPhone Developer";
				COPY_PHASE_STRIP = NO;
				DEBUG_INFORMATION_FORMAT = "dwarf-with-dsym";
				ENABLE_NS_ASSERTIONS = NO;
				ENABLE_STRICT_OBJC_MSGSEND = YES;
				GCC_C_LANGUAGE_STANDARD = gnu11;
				GCC_NO_COMMON_BLOCKS = YES;
				GCC_WARN_64_TO_32_BIT_CONVERSION = YES;
				GCC_WARN_ABOUT_RETURN_TYPE = YES_ERROR;
				GCC_WARN_UNDECLARED_SELECTOR = YES;
				GCC_WARN_UNINITIALIZED_AUTOS = YES_AGGRESSIVE;
				GCC_WARN_UNUSED_FUNCTION = YES;
				GCC_WARN_UNUSED_VARIABLE = YES;
				IPHONEOS_DEPLOYMENT_TARGET = 12.2;
				MTL_ENABLE_DEBUG_INFO = NO;
				MTL_FAST_MATH = YES;
				SDKROOT = iphoneos;
				SWIFT_COMPILATION_MODE = wholemodule;
				SWIFT_OPTIMIZATION_LEVEL = "-O";
				VALIDATE_PRODUCT = YES;
			};
			name = Release;
		};
		F04ECBDA234388C90054D1D1 /* Debug */ = {
			isa = XCBuildConfiguration;
			baseConfigurationReference = E6FD88DED3CF04EE62BA95EB /* Pods-HiraganaConverter.debug.xcconfig */;
			buildSettings = {
				ASSETCATALOG_COMPILER_APPICON_NAME = AppIcon;
				CODE_SIGN_IDENTITY = "iPhone Developer";
				CODE_SIGN_STYLE = Automatic;
				DEVELOPMENT_TEAM = ZXF79DK4SH;
				INFOPLIST_FILE = HiraganaConverter/Info.plist;
				IPHONEOS_DEPLOYMENT_TARGET = 12.0;
				LD_RUNPATH_SEARCH_PATHS = (
					"$(inherited)",
					"@executable_path/Frameworks",
				);
				PRODUCT_BUNDLE_IDENTIFIER = com.gmail.renchild.HiraganaConverter;
				PRODUCT_NAME = "$(TARGET_NAME)";
				PROVISIONING_PROFILE_SPECIFIER = "";
				SWIFT_VERSION = 5.0;
				TARGETED_DEVICE_FAMILY = 1;
			};
			name = Debug;
		};
		F04ECBDB234388C90054D1D1 /* Release */ = {
			isa = XCBuildConfiguration;
			baseConfigurationReference = 2DAC1BE0BC11353C0927BF6B /* Pods-HiraganaConverter.release.xcconfig */;
			buildSettings = {
				ASSETCATALOG_COMPILER_APPICON_NAME = AppIcon;
				CODE_SIGN_IDENTITY = "iPhone Developer";
				CODE_SIGN_STYLE = Automatic;
				DEVELOPMENT_TEAM = ZXF79DK4SH;
				INFOPLIST_FILE = HiraganaConverter/Info.plist;
				IPHONEOS_DEPLOYMENT_TARGET = 12.0;
				LD_RUNPATH_SEARCH_PATHS = (
					"$(inherited)",
					"@executable_path/Frameworks",
				);
				PRODUCT_BUNDLE_IDENTIFIER = com.gmail.renchild.HiraganaConverter;
				PRODUCT_NAME = "$(TARGET_NAME)";
				PROVISIONING_PROFILE_SPECIFIER = "";
				SWIFT_VERSION = 5.0;
				TARGETED_DEVICE_FAMILY = 1;
			};
			name = Release;
		};
		F04ECBDD234388C90054D1D1 /* Debug */ = {
			isa = XCBuildConfiguration;
			baseConfigurationReference = A554FC67EC42336775273110 /* Pods-HiraganaConverterTests.debug.xcconfig */;
			buildSettings = {
				ALWAYS_EMBED_SWIFT_STANDARD_LIBRARIES = YES;
				BUNDLE_LOADER = "$(TEST_HOST)";
				CODE_SIGN_STYLE = Automatic;
				DEVELOPMENT_TEAM = ZXF79DK4SH;
				INFOPLIST_FILE = HiraganaConverterTests/Info.plist;
				LD_RUNPATH_SEARCH_PATHS = (
					"$(inherited)",
					"@executable_path/Frameworks",
					"@loader_path/Frameworks",
				);
				PRODUCT_BUNDLE_IDENTIFIER = com.gmail.renchild.HiraganaConverterTests;
				PRODUCT_NAME = "$(TARGET_NAME)";
				SWIFT_VERSION = 5.0;
				TARGETED_DEVICE_FAMILY = "1,2";
				TEST_HOST = "$(BUILT_PRODUCTS_DIR)/HiraganaConverter.app/HiraganaConverter";
			};
			name = Debug;
		};
		F04ECBDE234388C90054D1D1 /* Release */ = {
			isa = XCBuildConfiguration;
			baseConfigurationReference = 9D9BB9BCD37CB999DB4C8300 /* Pods-HiraganaConverterTests.release.xcconfig */;
			buildSettings = {
				ALWAYS_EMBED_SWIFT_STANDARD_LIBRARIES = YES;
				BUNDLE_LOADER = "$(TEST_HOST)";
				CODE_SIGN_STYLE = Automatic;
				DEVELOPMENT_TEAM = ZXF79DK4SH;
				INFOPLIST_FILE = HiraganaConverterTests/Info.plist;
				LD_RUNPATH_SEARCH_PATHS = (
					"$(inherited)",
					"@executable_path/Frameworks",
					"@loader_path/Frameworks",
				);
				PRODUCT_BUNDLE_IDENTIFIER = com.gmail.renchild.HiraganaConverterTests;
				PRODUCT_NAME = "$(TARGET_NAME)";
				SWIFT_VERSION = 5.0;
				TARGETED_DEVICE_FAMILY = "1,2";
				TEST_HOST = "$(BUILT_PRODUCTS_DIR)/HiraganaConverter.app/HiraganaConverter";
			};
			name = Release;
		};
		F04ECBE0234388C90054D1D1 /* Debug */ = {
			isa = XCBuildConfiguration;
			baseConfigurationReference = 8BFABE9FC8649BD7C30B9246 /* Pods-HiraganaConverterUITests.debug.xcconfig */;
			buildSettings = {
				ALWAYS_EMBED_SWIFT_STANDARD_LIBRARIES = YES;
				CODE_SIGN_STYLE = Automatic;
				DEVELOPMENT_TEAM = ZXF79DK4SH;
				INFOPLIST_FILE = HiraganaConverterUITests/Info.plist;
				LD_RUNPATH_SEARCH_PATHS = (
					"$(inherited)",
					"@executable_path/Frameworks",
					"@loader_path/Frameworks",
				);
				PRODUCT_BUNDLE_IDENTIFIER = com.gmail.renchild.HiraganaConverterUITests;
				PRODUCT_NAME = "$(TARGET_NAME)";
				SWIFT_VERSION = 5.0;
				TARGETED_DEVICE_FAMILY = "1,2";
				TEST_TARGET_NAME = HiraganaConverter;
			};
			name = Debug;
		};
		F04ECBE1234388C90054D1D1 /* Release */ = {
			isa = XCBuildConfiguration;
			baseConfigurationReference = DBED9C8B69C7DF8E978A595B /* Pods-HiraganaConverterUITests.release.xcconfig */;
			buildSettings = {
				ALWAYS_EMBED_SWIFT_STANDARD_LIBRARIES = YES;
				CODE_SIGN_STYLE = Automatic;
				DEVELOPMENT_TEAM = ZXF79DK4SH;
				INFOPLIST_FILE = HiraganaConverterUITests/Info.plist;
				LD_RUNPATH_SEARCH_PATHS = (
					"$(inherited)",
					"@executable_path/Frameworks",
					"@loader_path/Frameworks",
				);
				PRODUCT_BUNDLE_IDENTIFIER = com.gmail.renchild.HiraganaConverterUITests;
				PRODUCT_NAME = "$(TARGET_NAME)";
				SWIFT_VERSION = 5.0;
				TARGETED_DEVICE_FAMILY = "1,2";
				TEST_TARGET_NAME = HiraganaConverter;
			};
			name = Release;
		};
/* End XCBuildConfiguration section */

/* Begin XCConfigurationList section */
		F04ECBAC234388C80054D1D1 /* Build configuration list for PBXProject "HiraganaConverter" */ = {
			isa = XCConfigurationList;
			buildConfigurations = (
				F04ECBD7234388C90054D1D1 /* Debug */,
				F04ECBD8234388C90054D1D1 /* Release */,
			);
			defaultConfigurationIsVisible = 0;
			defaultConfigurationName = Release;
		};
		F04ECBD9234388C90054D1D1 /* Build configuration list for PBXNativeTarget "HiraganaConverter" */ = {
			isa = XCConfigurationList;
			buildConfigurations = (
				F04ECBDA234388C90054D1D1 /* Debug */,
				F04ECBDB234388C90054D1D1 /* Release */,
			);
			defaultConfigurationIsVisible = 0;
			defaultConfigurationName = Release;
		};
		F04ECBDC234388C90054D1D1 /* Build configuration list for PBXNativeTarget "HiraganaConverterTests" */ = {
			isa = XCConfigurationList;
			buildConfigurations = (
				F04ECBDD234388C90054D1D1 /* Debug */,
				F04ECBDE234388C90054D1D1 /* Release */,
			);
			defaultConfigurationIsVisible = 0;
			defaultConfigurationName = Release;
		};
		F04ECBDF234388C90054D1D1 /* Build configuration list for PBXNativeTarget "HiraganaConverterUITests" */ = {
			isa = XCConfigurationList;
			buildConfigurations = (
				F04ECBE0234388C90054D1D1 /* Debug */,
				F04ECBE1234388C90054D1D1 /* Release */,
			);
			defaultConfigurationIsVisible = 0;
			defaultConfigurationName = Release;
		};
/* End XCConfigurationList section */
	};
	rootObject = F04ECBA9234388C80054D1D1 /* Project object */;
}
